<?xml version="1.0" encoding="utf-8"?>
<Project xmlns="http://schemas.microsoft.com/developer/msbuild/2003">
  <ItemGroup>
    <Filter Include="Form Files">
      <UniqueIdentifier>{99349809-55BA-4b9d-BF79-8FDBB0286EB3}</UniqueIdentifier>
      <Extensions>ui</Extensions>
      <ParseFiles>false</ParseFiles>
    </Filter>
    <Filter Include="Form Files">
      <UniqueIdentifier>{99349809-55BA-4b9d-BF79-8FDBB0286EB3}</UniqueIdentifier>
      <Extensions>ui</Extensions>
      <ParseFiles>false</ParseFiles>
    </Filter>
    <Filter Include="Generated Files">
      <UniqueIdentifier>{71ED8ED8-ACB9-4CE9-BBE1-E00B30144E11}</UniqueIdentifier>
      <Extensions>cpp;c;cxx;moc;h;def;odl;idl;res;</Extensions>
    </Filter>
    <Filter Include="Generated Files">
      <UniqueIdentifier>{71ED8ED8-ACB9-4CE9-BBE1-E00B30144E11}</UniqueIdentifier>
      <Extensions>cpp;c;cxx;moc;h;def;odl;idl;res;</Extensions>
    </Filter>
    <Filter Include="Header Files">
      <UniqueIdentifier>{93995380-89BD-4b04-88EB-625FBE52EBFB}</UniqueIdentifier>
      <Extensions>h;hpp;hxx;hm;inl;inc;xsd</Extensions>
    </Filter>
    <Filter Include="Header Files">
      <UniqueIdentifier>{93995380-89BD-4b04-88EB-625FBE52EBFB}</UniqueIdentifier>
      <Extensions>h;hpp;hxx;hm;inl;inc;xsd</Extensions>
    </Filter>
    <Filter Include="Source Files">
      <UniqueIdentifier>{4FC737F1-C7A5-4376-A066-2A32D752A2FF}</UniqueIdentifier>
      <Extensions>cpp;c;cxx;def;odl;idl;hpj;bat;asm;asmx</Extensions>
    </Filter>
    <Filter Include="Source Files">
      <UniqueIdentifier>{4FC737F1-C7A5-4376-A066-2A32D752A2FF}</UniqueIdentifier>
      <Extensions>cpp;c;cxx;def;odl;idl;hpj;bat;asm;asmx</Extensions>
    </Filter>
  </ItemGroup>
  <ItemGroup>
    <ClCompile Include="ItemDelegate.cpp">
      <Filter>Source Files</Filter>
    </ClCompile>
    <ClCompile Include="PluginProductSet.cpp">
      <Filter>Source Files</Filter>
    </ClCompile>
    <ClCompile Include="Tray\TrayCtrl.cpp">
      <Filter>Source Files</Filter>
    </ClCompile>
    <ClCompile Include="WidgetMatrixCfg.cpp">
      <Filter>Source Files</Filter>
    </ClCompile>
    <ClCompile Include="WidgetProductSet.cpp">
      <Filter>Source Files</Filter>
    </ClCompile>
    <ClCompile Include="WidgetRecipeDirty.cpp">
      <Filter>Source Files</Filter>
    </ClCompile>
    <ClCompile Include="WidgetRecipeFilmTear.cpp">
      <Filter>Source Files</Filter>
    </ClCompile>
    <ClCompile Include="WidgetRecipeGrip.cpp">
      <Filter>Source Files</Filter>
    </ClCompile>
    <ClCompile Include="WidgetRecipeMotor.cpp">
      <Filter>Source Files</Filter>
    </ClCompile>
    <ClCompile Include="WidgetRecipePlatform.cpp">
      <Filter>Source Files</Filter>
    </ClCompile>
    <ClCompile Include="WidgetRecipeScanCode.cpp">
      <Filter>Source Files</Filter>
    </ClCompile>
    <ClCompile Include="WidgetRecipeTray.cpp">
      <Filter>Source Files</Filter>
    </ClCompile>
    <ClCompile Include="WidgetRecipeVision.cpp">
      <Filter>Source Files</Filter>
    </ClCompile>
  </ItemGroup>
  <ItemGroup>
    <QtMoc Include="ItemDelegate.h">
      <Filter>Header Files</Filter>
    </QtMoc>
    <QtMoc Include="PluginProductSet.h">
      <Filter>Header Files</Filter>
    </QtMoc>
    <QtMoc Include="Tray\TrayCtrl.h">
      <Filter>Header Files</Filter>
    </QtMoc>
    <QtMoc Include="WidgetMatrixCfg.h">
      <Filter>Header Files</Filter>
    </QtMoc>
    <QtMoc Include="WidgetProductSet.h">
      <Filter>Header Files</Filter>
    </QtMoc>
    <QtMoc Include="WidgetRecipeDirty.h">
      <Filter>Header Files</Filter>
    </QtMoc>
    <QtMoc Include="WidgetRecipeFilmTear.h">
      <Filter>Header Files</Filter>
    </QtMoc>
    <QtMoc Include="WidgetRecipeGrip.h">
      <Filter>Header Files</Filter>
    </QtMoc>
    <QtMoc Include="WidgetRecipeMotor.h">
      <Filter>Header Files</Filter>
    </QtMoc>
    <QtMoc Include="WidgetRecipePlatform.h">
      <Filter>Header Files</Filter>
    </QtMoc>
    <QtMoc Include="WidgetRecipeScanCode.h">
      <Filter>Header Files</Filter>
    </QtMoc>
    <QtMoc Include="WidgetRecipeTray.h">
      <Filter>Header Files</Filter>
    </QtMoc>
    <QtMoc Include="WidgetRecipeVision.h">
      <Filter>Header Files</Filter>
    </QtMoc>
    <QtMoc Include="..\..\interface\coreinterface.h">
      <Filter>Header Files</Filter>
    </QtMoc>
    <QtMoc Include="..\..\interface\plugininterface.h">
      <Filter>Header Files</Filter>
    </QtMoc>
  </ItemGroup>
  <ItemGroup>
    
    
    
    
    
    
    
    
    
    
    
    
    
    
    
    <CustomBuild Include="D:\git\FilmTear\Plugins\PluginProductSet\temp\moc\moc_predefs.h.cbt">
      <Filter>Generated Files</Filter>
    </CustomBuild>
    
    
    
    
    
    
    
    
    
    
    
  </ItemGroup>
  <ItemGroup>
    <QtUic Include="Tray\TrayCtrl.ui">
      <Filter>Form Files</Filter>
    </QtUic>
    <QtUic Include="WidgetMatrixCfg.ui">
      <Filter>Form Files</Filter>
    </QtUic>
    <QtUic Include="WidgetProductSet.ui">
      <Filter>Form Files</Filter>
    </QtUic>
    <QtUic Include="WidgetRecipeDirty.ui">
      <Filter>Form Files</Filter>
    </QtUic>
    <QtUic Include="WidgetRecipeFilmTear.ui">
      <Filter>Form Files</Filter>
    </QtUic>
    <QtUic Include="WidgetRecipeGrip.ui">
      <Filter>Form Files</Filter>
    </QtUic>
    <QtUic Include="WidgetRecipeMotor.ui">
      <Filter>Form Files</Filter>
    </QtUic>
    <QtUic Include="WidgetRecipePlatform.ui">
      <Filter>Form Files</Filter>
    </QtUic>
    <QtUic Include="WidgetRecipeScanCode.ui">
      <Filter>Form Files</Filter>
    </QtUic>
    <QtUic Include="WidgetRecipeTray.ui">
      <Filter>Form Files</Filter>
    </QtUic>
    <QtUic Include="WidgetRecipeVision.ui">
      <Filter>Form Files</Filter>
    </QtUic>
  </ItemGroup>
</Project>