<?xml version="1.0" encoding="utf-8"?>
<Project xmlns="http://schemas.microsoft.com/developer/msbuild/2003">
  <ItemGroup>
    <Filter Include="Form Files">
      <UniqueIdentifier>{99349809-55BA-4b9d-BF79-8FDBB0286EB3}</UniqueIdentifier>
      <Extensions>ui</Extensions>
      <ParseFiles>false</ParseFiles>
    </Filter>
    <Filter Include="Form Files">
      <UniqueIdentifier>{99349809-55BA-4b9d-BF79-8FDBB0286EB3}</UniqueIdentifier>
      <Extensions>ui</Extensions>
      <ParseFiles>false</ParseFiles>
    </Filter>
    <Filter Include="Generated Files">
      <UniqueIdentifier>{71ED8ED8-ACB9-4CE9-BBE1-E00B30144E11}</UniqueIdentifier>
      <Extensions>cpp;c;cxx;moc;h;def;odl;idl;res;</Extensions>
    </Filter>
    <Filter Include="Generated Files">
      <UniqueIdentifier>{71ED8ED8-ACB9-4CE9-BBE1-E00B30144E11}</UniqueIdentifier>
      <Extensions>cpp;c;cxx;moc;h;def;odl;idl;res;</Extensions>
    </Filter>
    <Filter Include="Header Files">
      <UniqueIdentifier>{93995380-89BD-4b04-88EB-625FBE52EBFB}</UniqueIdentifier>
      <Extensions>h;hpp;hxx;hm;inl;inc;xsd</Extensions>
    </Filter>
    <Filter Include="Header Files">
      <UniqueIdentifier>{93995380-89BD-4b04-88EB-625FBE52EBFB}</UniqueIdentifier>
      <Extensions>h;hpp;hxx;hm;inl;inc;xsd</Extensions>
    </Filter>
    <Filter Include="Source Files">
      <UniqueIdentifier>{4FC737F1-C7A5-4376-A066-2A32D752A2FF}</UniqueIdentifier>
      <Extensions>cpp;c;cxx;def;odl;idl;hpj;bat;asm;asmx</Extensions>
    </Filter>
    <Filter Include="Source Files">
      <UniqueIdentifier>{4FC737F1-C7A5-4376-A066-2A32D752A2FF}</UniqueIdentifier>
      <Extensions>cpp;c;cxx;def;odl;idl;hpj;bat;asm;asmx</Extensions>
    </Filter>
  </ItemGroup>
  <ItemGroup>
    <ClCompile Include="Shield\ButtonDelegate.cpp">
      <Filter>Source Files</Filter>
    </ClCompile>
    <ClCompile Include="ControlCenterHttpApi.cpp">
      <Filter>Source Files</Filter>
    </ClCompile>
    <ClCompile Include="MesHttpPost.cpp">
      <Filter>Source Files</Filter>
    </ClCompile>
    <ClCompile Include="ModelChangeManager.cpp">
      <Filter>Source Files</Filter>
    </ClCompile>
    <ClCompile Include="PluginSystemSet.cpp">
      <Filter>Source Files</Filter>
    </ClCompile>
    <ClCompile Include="Shield\ShieldTableModel.cpp">
      <Filter>Source Files</Filter>
    </ClCompile>
    <ClCompile Include="WidgetBox.cpp">
      <Filter>Source Files</Filter>
    </ClCompile>
    <ClCompile Include="WidgetGrip.cpp">
      <Filter>Source Files</Filter>
    </ClCompile>
    <ClCompile Include="WidgetLoad.cpp">
      <Filter>Source Files</Filter>
    </ClCompile>
    <ClCompile Include="WidgetMesLogin.cpp">
      <Filter>Source Files</Filter>
    </ClCompile>
    <ClCompile Include="WidgetShield.cpp">
      <Filter>Source Files</Filter>
    </ClCompile>
    <ClCompile Include="WidgetSystemSet.cpp">
      <Filter>Source Files</Filter>
    </ClCompile>
  </ItemGroup>
  <ItemGroup>
    <QtMoc Include="Shield\ButtonDelegate.h">
      <Filter>Header Files</Filter>
    </QtMoc>
    <QtMoc Include="ControlCenterHttpApi.h">
      <Filter>Header Files</Filter>
    </QtMoc>
    <QtMoc Include="MesHttpPost.h">
      <Filter>Header Files</Filter>
    </QtMoc>
    <QtMoc Include="ModelChangeManager.h">
      <Filter>Header Files</Filter>
    </QtMoc>
    <QtMoc Include="PluginSystemSet.h">
      <Filter>Header Files</Filter>
    </QtMoc>
    <QtMoc Include="Shield\ShieldTableModel.h">
      <Filter>Header Files</Filter>
    </QtMoc>
    <QtMoc Include="WidgetBox.h">
      <Filter>Header Files</Filter>
    </QtMoc>
    <QtMoc Include="WidgetGrip.h">
      <Filter>Header Files</Filter>
    </QtMoc>
    <QtMoc Include="WidgetLoad.h">
      <Filter>Header Files</Filter>
    </QtMoc>
    <QtMoc Include="WidgetMesLogin.h">
      <Filter>Header Files</Filter>
    </QtMoc>
    <QtMoc Include="WidgetShield.h">
      <Filter>Header Files</Filter>
    </QtMoc>
    <QtMoc Include="WidgetSystemSet.h">
      <Filter>Header Files</Filter>
    </QtMoc>
    <QtMoc Include="..\..\interface\coreinterface.h">
      <Filter>Header Files</Filter>
    </QtMoc>
    <QtMoc Include="..\..\interface\plugininterface.h">
      <Filter>Header Files</Filter>
    </QtMoc>
  </ItemGroup>
  <ItemGroup>
    
    
    
    
    
    
    
    
    
    
    
    
    
    
    <CustomBuild Include="D:\git\FilmTear\Plugins\PluginSystemSet\temp\moc\moc_predefs.h.cbt">
      <Filter>Generated Files</Filter>
    </CustomBuild>
    
    
    
    
    
  </ItemGroup>
  <ItemGroup>
    <QtUic Include="WidgetBox.ui">
      <Filter>Form Files</Filter>
    </QtUic>
    <QtUic Include="WidgetGrip.ui">
      <Filter>Form Files</Filter>
    </QtUic>
    <QtUic Include="WidgetLoad.ui">
      <Filter>Form Files</Filter>
    </QtUic>
    <QtUic Include="WidgetMesLogin.ui">
      <Filter>Form Files</Filter>
    </QtUic>
    <QtUic Include="WidgetSystemSet.ui">
      <Filter>Form Files</Filter>
    </QtUic>
  </ItemGroup>
</Project>