<?xml version="1.0" encoding="utf-8"?>
<Project xmlns="http://schemas.microsoft.com/developer/msbuild/2003">
  <ItemGroup>
    <Filter Include="Form Files">
      <UniqueIdentifier>{99349809-55BA-4b9d-BF79-8FDBB0286EB3}</UniqueIdentifier>
      <Extensions>ui</Extensions>
      <ParseFiles>false</ParseFiles>
    </Filter>
    <Filter Include="Form Files">
      <UniqueIdentifier>{99349809-55BA-4b9d-BF79-8FDBB0286EB3}</UniqueIdentifier>
      <Extensions>ui</Extensions>
      <ParseFiles>false</ParseFiles>
    </Filter>
    <Filter Include="Generated Files">
      <UniqueIdentifier>{71ED8ED8-ACB9-4CE9-BBE1-E00B30144E11}</UniqueIdentifier>
      <Extensions>cpp;c;cxx;moc;h;def;odl;idl;res;</Extensions>
    </Filter>
    <Filter Include="Generated Files">
      <UniqueIdentifier>{71ED8ED8-ACB9-4CE9-BBE1-E00B30144E11}</UniqueIdentifier>
      <Extensions>cpp;c;cxx;moc;h;def;odl;idl;res;</Extensions>
    </Filter>
    <Filter Include="Header Files">
      <UniqueIdentifier>{93995380-89BD-4b04-88EB-625FBE52EBFB}</UniqueIdentifier>
      <Extensions>h;hpp;hxx;hm;inl;inc;xsd</Extensions>
    </Filter>
    <Filter Include="Header Files">
      <UniqueIdentifier>{93995380-89BD-4b04-88EB-625FBE52EBFB}</UniqueIdentifier>
      <Extensions>h;hpp;hxx;hm;inl;inc;xsd</Extensions>
    </Filter>
    <Filter Include="Source Files">
      <UniqueIdentifier>{4FC737F1-C7A5-4376-A066-2A32D752A2FF}</UniqueIdentifier>
      <Extensions>cpp;c;cxx;def;odl;idl;hpj;bat;asm;asmx</Extensions>
    </Filter>
    <Filter Include="Source Files">
      <UniqueIdentifier>{4FC737F1-C7A5-4376-A066-2A32D752A2FF}</UniqueIdentifier>
      <Extensions>cpp;c;cxx;def;odl;idl;hpj;bat;asm;asmx</Extensions>
    </Filter>
  </ItemGroup>
  <ItemGroup>
    <ClCompile Include="PluginManualDebug.cpp">
      <Filter>Source Files</Filter>
    </ClCompile>
    <ClCompile Include="ScanCode\ScanCodeForm.cpp">
      <Filter>Source Files</Filter>
    </ClCompile>
    <ClCompile Include="ScanCode\TrayRfidForm.cpp">
      <Filter>Source Files</Filter>
    </ClCompile>
    <ClCompile Include="WidgetLightCtl.cpp">
      <Filter>Source Files</Filter>
    </ClCompile>
    <ClCompile Include="..\Common\WidgetLog.cpp">
      <Filter>Source Files</Filter>
    </ClCompile>
    <ClCompile Include="WidgetManualCtl.cpp">
      <Filter>Source Files</Filter>
    </ClCompile>
    <ClCompile Include="WidgetManualDebug.cpp">
      <Filter>Source Files</Filter>
    </ClCompile>
    <ClCompile Include="WidgetMotorCtrl.cpp">
      <Filter>Source Files</Filter>
    </ClCompile>
    <ClCompile Include="WidgetPressDispDebug.cpp">
      <Filter>Source Files</Filter>
    </ClCompile>
    <ClCompile Include="WidgetTyphoonCtl.cpp">
      <Filter>Source Files</Filter>
    </ClCompile>
    <ClCompile Include="ScanCode\WidgetScanCodeDebug.cpp">
      <Filter>Source Files</Filter>
    </ClCompile>
    <ClCompile Include="ScanCode\WidgetTrayScanDebug.cpp">
      <Filter>Source Files</Filter>
    </ClCompile>
  </ItemGroup>
  <ItemGroup>
    <QtMoc Include="PluginManualDebug.h">
      <Filter>Header Files</Filter>
    </QtMoc>
    <QtMoc Include="ScanCode\ScanCodeForm.h">
      <Filter>Header Files</Filter>
    </QtMoc>
    <QtMoc Include="ScanCode\TrayRfidForm.h">
      <Filter>Header Files</Filter>
    </QtMoc>
    <QtMoc Include="WidgetLightCtl.h">
      <Filter>Header Files</Filter>
    </QtMoc>
    <QtMoc Include="..\Common\WidgetLog.h">
      <Filter>Header Files</Filter>
    </QtMoc>
    <QtMoc Include="WidgetManualCtl.h">
      <Filter>Header Files</Filter>
    </QtMoc>
    <QtMoc Include="WidgetManualDebug.h">
      <Filter>Header Files</Filter>
    </QtMoc>
    <QtMoc Include="WidgetMotorCtrl.h">
      <Filter>Header Files</Filter>
    </QtMoc>
    <QtMoc Include="WidgetPressDispDebug.h">
      <Filter>Header Files</Filter>
    </QtMoc>
    <QtMoc Include="WidgetTyphoonCtl.h">
      <Filter>Header Files</Filter>
    </QtMoc>
    <QtMoc Include="ScanCode\WidgetScanCodeDebug.h">
      <Filter>Header Files</Filter>
    </QtMoc>
    <QtMoc Include="ScanCode\WidgetTrayScanDebug.h">
      <Filter>Header Files</Filter>
    </QtMoc>
    <QtMoc Include="..\..\interface\coreinterface.h">
      <Filter>Header Files</Filter>
    </QtMoc>
    <QtMoc Include="..\..\interface\plugininterface.h">
      <Filter>Header Files</Filter>
    </QtMoc>
  </ItemGroup>
  <ItemGroup>
    
    
    
    
    
    
    
    
    
    
    
    
    
    <CustomBuild Include="D:\git\FilmTear\Plugins\PluginManualDebug\temp\moc\moc_predefs.h.cbt">
      <Filter>Generated Files</Filter>
    </CustomBuild>
    
    
    
    
    
    
    
  </ItemGroup>
  <ItemGroup>
    <QtUic Include="ScanCode\ScanCodeForm.ui">
      <Filter>Form Files</Filter>
    </QtUic>
    <QtUic Include="ScanCode\TrayRfidForm.ui">
      <Filter>Form Files</Filter>
    </QtUic>
    <QtUic Include="..\Common\WidgetLog.ui">
      <Filter>Form Files</Filter>
    </QtUic>
    <QtUic Include="WidgetManualDebug.ui">
      <Filter>Form Files</Filter>
    </QtUic>
    <QtUic Include="WidgetMotorCtrl.ui">
      <Filter>Form Files</Filter>
    </QtUic>
    <QtUic Include="ScanCode\WidgetScanCodeDebug.ui">
      <Filter>Form Files</Filter>
    </QtUic>
    <QtUic Include="ScanCode\WidgetTrayScanDebug.ui">
      <Filter>Form Files</Filter>
    </QtUic>
  </ItemGroup>
</Project>