<?xml version="1.0" encoding="utf-8"?>
<Project xmlns="http://schemas.microsoft.com/developer/msbuild/2003">
  <ItemGroup>
    <Filter Include="Form Files">
      <UniqueIdentifier>{99349809-55BA-4b9d-BF79-8FDBB0286EB3}</UniqueIdentifier>
      <Extensions>ui</Extensions>
      <ParseFiles>false</ParseFiles>
    </Filter>
    <Filter Include="Form Files">
      <UniqueIdentifier>{99349809-55BA-4b9d-BF79-8FDBB0286EB3}</UniqueIdentifier>
      <Extensions>ui</Extensions>
      <ParseFiles>false</ParseFiles>
    </Filter>
    <Filter Include="Generated Files">
      <UniqueIdentifier>{71ED8ED8-ACB9-4CE9-BBE1-E00B30144E11}</UniqueIdentifier>
      <Extensions>cpp;c;cxx;moc;h;def;odl;idl;res;</Extensions>
    </Filter>
    <Filter Include="Generated Files">
      <UniqueIdentifier>{71ED8ED8-ACB9-4CE9-BBE1-E00B30144E11}</UniqueIdentifier>
      <Extensions>cpp;c;cxx;moc;h;def;odl;idl;res;</Extensions>
    </Filter>
    <Filter Include="Header Files">
      <UniqueIdentifier>{93995380-89BD-4b04-88EB-625FBE52EBFB}</UniqueIdentifier>
      <Extensions>h;hpp;hxx;hm;inl;inc;xsd</Extensions>
    </Filter>
    <Filter Include="Header Files">
      <UniqueIdentifier>{93995380-89BD-4b04-88EB-625FBE52EBFB}</UniqueIdentifier>
      <Extensions>h;hpp;hxx;hm;inl;inc;xsd</Extensions>
    </Filter>
    <Filter Include="Resource Files">
      <UniqueIdentifier>{D9D6E242-F8AF-46E4-B9FD-80ECBC20BA3E}</UniqueIdentifier>
      <Extensions>qrc;*</Extensions>
      <ParseFiles>false</ParseFiles>
    </Filter>
    <Filter Include="Resource Files">
      <UniqueIdentifier>{D9D6E242-F8AF-46E4-B9FD-80ECBC20BA3E}</UniqueIdentifier>
      <Extensions>qrc;*</Extensions>
      <ParseFiles>false</ParseFiles>
    </Filter>
    <Filter Include="Source Files">
      <UniqueIdentifier>{4FC737F1-C7A5-4376-A066-2A32D752A2FF}</UniqueIdentifier>
      <Extensions>cpp;c;cxx;def;odl;idl;hpj;bat;asm;asmx</Extensions>
    </Filter>
    <Filter Include="Source Files">
      <UniqueIdentifier>{4FC737F1-C7A5-4376-A066-2A32D752A2FF}</UniqueIdentifier>
      <Extensions>cpp;c;cxx;def;odl;idl;hpj;bat;asm;asmx</Extensions>
    </Filter>
  </ItemGroup>
  <ItemGroup>
    <ClCompile Include="Product\ChartNGSort.cpp">
      <Filter>Source Files</Filter>
    </ClCompile>
    <ClCompile Include="Product\ChartProduceHour.cpp">
      <Filter>Source Files</Filter>
    </ClCompile>
    <ClCompile Include="..\Common\CurveView\Chart\CustomChart.cpp">
      <Filter>Source Files</Filter>
    </ClCompile>
    <ClCompile Include="..\Common\MyQwtPlot.cpp">
      <Filter>Source Files</Filter>
    </ClCompile>
    <ClCompile Include="..\Common\NonBlockingMsgBox.cpp">
      <Filter>Source Files</Filter>
    </ClCompile>
    <ClCompile Include="PluginAutoPage.cpp">
      <Filter>Source Files</Filter>
    </ClCompile>
    <ClCompile Include="ProductForm\ProductDetailForm.cpp">
      <Filter>Source Files</Filter>
    </ClCompile>
    <ClCompile Include="..\Common\SwitchButton.cpp">
      <Filter>Source Files</Filter>
    </ClCompile>
    <ClCompile Include="Product\TableNGSort.cpp">
      <Filter>Source Files</Filter>
    </ClCompile>
    <ClCompile Include="Product\TableProduct.cpp">
      <Filter>Source Files</Filter>
    </ClCompile>
    <ClCompile Include="PartsSource\WearingParts.cpp">
      <Filter>Source Files</Filter>
    </ClCompile>
    <ClCompile Include="PartsSource\WearingPartsList.cpp">
      <Filter>Source Files</Filter>
    </ClCompile>
    <ClCompile Include="PartsSource\WearingPartsListUser.cpp">
      <Filter>Source Files</Filter>
    </ClCompile>
    <ClCompile Include="WidgetAutoPage.cpp">
      <Filter>Source Files</Filter>
    </ClCompile>
    <ClCompile Include="WidgetBtnPanel.cpp">
      <Filter>Source Files</Filter>
    </ClCompile>
    <ClCompile Include="WidgetCalibImage.cpp">
      <Filter>Source Files</Filter>
    </ClCompile>
    <ClCompile Include="WidgetConsumables.cpp">
      <Filter>Source Files</Filter>
    </ClCompile>
    <ClCompile Include="WidgetFlowState.cpp">
      <Filter>Source Files</Filter>
    </ClCompile>
    <ClCompile Include="..\Common\WidgetLog.cpp">
      <Filter>Source Files</Filter>
    </ClCompile>
    <ClCompile Include="WidgetLogAll.cpp">
      <Filter>Source Files</Filter>
    </ClCompile>
    <ClCompile Include="WidgetProductChange.cpp">
      <Filter>Source Files</Filter>
    </ClCompile>
    <ClCompile Include="Product\WidgetProductTotal.cpp">
      <Filter>Source Files</Filter>
    </ClCompile>
    <ClCompile Include="ProductForm\WidgetProdutData.cpp">
      <Filter>Source Files</Filter>
    </ClCompile>
    <ClCompile Include="WidgetSingleTest.cpp">
      <Filter>Source Files</Filter>
    </ClCompile>
    <ClCompile Include="Product\WidgetStationProduct.cpp">
      <Filter>Source Files</Filter>
    </ClCompile>
    <ClCompile Include="WidgetStatusBar.cpp">
      <Filter>Source Files</Filter>
    </ClCompile>
    <ClCompile Include="WidgetTrayState.cpp">
      <Filter>Source Files</Filter>
    </ClCompile>
    <ClCompile Include="WidgetVision.cpp">
      <Filter>Source Files</Filter>
    </ClCompile>
    <ClCompile Include="..\Common\CurveView\Chart\qcustomplot.cpp">
      <Filter>Source Files</Filter>
    </ClCompile>
  </ItemGroup>
  <ItemGroup>
    <QtMoc Include="Product\ChartNGSort.h">
      <Filter>Header Files</Filter>
    </QtMoc>
    <QtMoc Include="Product\ChartProduceHour.h">
      <Filter>Header Files</Filter>
    </QtMoc>
    <QtMoc Include="..\Common\CurveView\Chart\CustomChart.h">
      <Filter>Header Files</Filter>
    </QtMoc>
    <QtMoc Include="..\Common\MyQwtPlot.h">
      <Filter>Header Files</Filter>
    </QtMoc>
    <QtMoc Include="..\Common\NonBlockingMsgBox.h">
      <Filter>Header Files</Filter>
    </QtMoc>
    <ClInclude Include="..\Common\PipeLineDef.h">
      <Filter>Header Files</Filter>
    </ClInclude>
    <QtMoc Include="PluginAutoPage.h">
      <Filter>Header Files</Filter>
    </QtMoc>
    <ClInclude Include="Product\ProductDef.h">
      <Filter>Header Files</Filter>
    </ClInclude>
    <QtMoc Include="ProductForm\ProductDetailForm.h">
      <Filter>Header Files</Filter>
    </QtMoc>
    <QtMoc Include="..\Common\SwitchButton.h">
      <Filter>Header Files</Filter>
    </QtMoc>
    <QtMoc Include="Product\TableNGSort.h">
      <Filter>Header Files</Filter>
    </QtMoc>
    <QtMoc Include="Product\TableProduct.h">
      <Filter>Header Files</Filter>
    </QtMoc>
    <QtMoc Include="PartsSource\WearingParts.h">
      <Filter>Header Files</Filter>
    </QtMoc>
    <QtMoc Include="PartsSource\WearingPartsList.h">
      <Filter>Header Files</Filter>
    </QtMoc>
    <QtMoc Include="PartsSource\WearingPartsListUser.h">
      <Filter>Header Files</Filter>
    </QtMoc>
    <QtMoc Include="WidgetAutoPage.h">
      <Filter>Header Files</Filter>
    </QtMoc>
    <QtMoc Include="WidgetBtnPanel.h">
      <Filter>Header Files</Filter>
    </QtMoc>
    <QtMoc Include="WidgetCalibImage.h">
      <Filter>Header Files</Filter>
    </QtMoc>
    <QtMoc Include="WidgetConsumables.h">
      <Filter>Header Files</Filter>
    </QtMoc>
    <QtMoc Include="WidgetFlowState.h">
      <Filter>Header Files</Filter>
    </QtMoc>
    <QtMoc Include="..\Common\WidgetLog.h">
      <Filter>Header Files</Filter>
    </QtMoc>
    <QtMoc Include="WidgetLogAll.h">
      <Filter>Header Files</Filter>
    </QtMoc>
    <QtMoc Include="WidgetProductChange.h">
      <Filter>Header Files</Filter>
    </QtMoc>
    <QtMoc Include="Product\WidgetProductTotal.h">
      <Filter>Header Files</Filter>
    </QtMoc>
    <QtMoc Include="ProductForm\WidgetProdutData.h">
      <Filter>Header Files</Filter>
    </QtMoc>
    <QtMoc Include="WidgetSingleTest.h">
      <Filter>Header Files</Filter>
    </QtMoc>
    <QtMoc Include="Product\WidgetStationProduct.h">
      <Filter>Header Files</Filter>
    </QtMoc>
    <QtMoc Include="WidgetStatusBar.h">
      <Filter>Header Files</Filter>
    </QtMoc>
    <QtMoc Include="WidgetTrayState.h">
      <Filter>Header Files</Filter>
    </QtMoc>
    <QtMoc Include="WidgetVision.h">
      <Filter>Header Files</Filter>
    </QtMoc>
    <QtMoc Include="..\..\interface\coreinterface.h">
      <Filter>Header Files</Filter>
    </QtMoc>
    <QtMoc Include="..\..\interface\plugininterface.h">
      <Filter>Header Files</Filter>
    </QtMoc>
    <QtMoc Include="..\Common\CurveView\Chart\qcustomplot.h">
      <Filter>Header Files</Filter>
    </QtMoc>
  </ItemGroup>
  <ItemGroup>
    
    
    
    
    
    
    
    
    
    
    
    
    
    
    
    
    
    
    
    
    
    
    
    
    
    
    
    
    
    
    <CustomBuild Include="D:\git\FilmTear\Plugins\PluginAutoPage\temp\moc\moc_predefs.h.cbt">
      <Filter>Generated Files</Filter>
    </CustomBuild>
    
    
    
    
    
    
    
    
    
    
    
    
    
    
    
    
    
    
    
    
    
    
    
    
    
    
    
  </ItemGroup>
  <ItemGroup>
    <QtUic Include="Product\ChartNGSort.ui">
      <Filter>Form Files</Filter>
    </QtUic>
    <QtUic Include="Product\ChartProduceHour.ui">
      <Filter>Form Files</Filter>
    </QtUic>
    <QtUic Include="ProductForm\ProductDetailForm.ui">
      <Filter>Form Files</Filter>
    </QtUic>
    <QtUic Include="..\Common\SwitchButton.ui">
      <Filter>Form Files</Filter>
    </QtUic>
    <QtUic Include="Product\TableNGSort.ui">
      <Filter>Form Files</Filter>
    </QtUic>
    <QtUic Include="Product\TableProduct.ui">
      <Filter>Form Files</Filter>
    </QtUic>
    <QtUic Include="PartsSource\WearingParts.ui">
      <Filter>Form Files</Filter>
    </QtUic>
    <QtUic Include="PartsSource\WearingPartsList.ui">
      <Filter>Form Files</Filter>
    </QtUic>
    <QtUic Include="PartsSource\WearingPartsListUser.ui">
      <Filter>Form Files</Filter>
    </QtUic>
    <QtUic Include="WidgetAutoPage.ui">
      <Filter>Form Files</Filter>
    </QtUic>
    <QtUic Include="WidgetBtnPanel.ui">
      <Filter>Form Files</Filter>
    </QtUic>
    <QtUic Include="WidgetCalibImage.ui">
      <Filter>Form Files</Filter>
    </QtUic>
    <QtUic Include="WidgetConsumables.ui">
      <Filter>Form Files</Filter>
    </QtUic>
    <QtUic Include="WidgetFlowState.ui">
      <Filter>Form Files</Filter>
    </QtUic>
    <QtUic Include="..\Common\WidgetLog.ui">
      <Filter>Form Files</Filter>
    </QtUic>
    <QtUic Include="WidgetLogAll.ui">
      <Filter>Form Files</Filter>
    </QtUic>
    <QtUic Include="WidgetProduce.ui">
      <Filter>Form Files</Filter>
    </QtUic>
    <QtUic Include="WidgetProductChange.ui">
      <Filter>Form Files</Filter>
    </QtUic>
    <QtUic Include="Product\WidgetProductTotal.ui">
      <Filter>Form Files</Filter>
    </QtUic>
    <QtUic Include="ProductForm\WidgetProdutData.ui">
      <Filter>Form Files</Filter>
    </QtUic>
    <QtUic Include="WidgetSingleTest.ui">
      <Filter>Form Files</Filter>
    </QtUic>
    <QtUic Include="Product\WidgetStationProduct.ui">
      <Filter>Form Files</Filter>
    </QtUic>
    <QtUic Include="WidgetStatusBar.ui">
      <Filter>Form Files</Filter>
    </QtUic>
    <QtUic Include="WidgetTrayState.ui">
      <Filter>Form Files</Filter>
    </QtUic>
    <QtUic Include="WidgetVision.ui">
      <Filter>Form Files</Filter>
    </QtUic>
  </ItemGroup>
  <ItemGroup>
    <None Include="resource\icon\EStop.png">
      <Filter>Resource Files</Filter>
    </None>
    <None Include="resource\icon\SpotCheck.png">
      <Filter>Resource Files</Filter>
    </None>
    <None Include="resource\qss\blacksoft\add_bottom.png">
      <Filter>Resource Files</Filter>
    </None>
    <None Include="resource\qss\flatgray\add_bottom.png">
      <Filter>Resource Files</Filter>
    </None>
    <None Include="resource\qss\lightblue\add_bottom.png">
      <Filter>Resource Files</Filter>
    </None>
    <None Include="resource\qss\blacksoft\add_left.png">
      <Filter>Resource Files</Filter>
    </None>
    <None Include="resource\qss\flatgray\add_left.png">
      <Filter>Resource Files</Filter>
    </None>
    <None Include="resource\qss\lightblue\add_left.png">
      <Filter>Resource Files</Filter>
    </None>
    <None Include="resource\qss\blacksoft\add_right.png">
      <Filter>Resource Files</Filter>
    </None>
    <None Include="resource\qss\flatgray\add_right.png">
      <Filter>Resource Files</Filter>
    </None>
    <None Include="resource\qss\lightblue\add_right.png">
      <Filter>Resource Files</Filter>
    </None>
    <None Include="resource\qss\blacksoft\add_top.png">
      <Filter>Resource Files</Filter>
    </None>
    <None Include="resource\qss\flatgray\add_top.png">
      <Filter>Resource Files</Filter>
    </None>
    <None Include="resource\qss\lightblue\add_top.png">
      <Filter>Resource Files</Filter>
    </None>
    <None Include="resource\icon\application-exit.png">
      <Filter>Resource Files</Filter>
    </None>
    <None Include="resource\qss\blacksoft\arrow_bottom.png">
      <Filter>Resource Files</Filter>
    </None>
    <None Include="resource\qss\flatgray\arrow_bottom.png">
      <Filter>Resource Files</Filter>
    </None>
    <None Include="resource\qss\lightblue\arrow_bottom.png">
      <Filter>Resource Files</Filter>
    </None>
    <None Include="resource\qss\blacksoft\arrow_left.png">
      <Filter>Resource Files</Filter>
    </None>
    <None Include="resource\qss\flatgray\arrow_left.png">
      <Filter>Resource Files</Filter>
    </None>
    <None Include="resource\qss\lightblue\arrow_left.png">
      <Filter>Resource Files</Filter>
    </None>
    <None Include="resource\qss\blacksoft\arrow_right.png">
      <Filter>Resource Files</Filter>
    </None>
    <None Include="resource\qss\flatgray\arrow_right.png">
      <Filter>Resource Files</Filter>
    </None>
    <None Include="resource\qss\lightblue\arrow_right.png">
      <Filter>Resource Files</Filter>
    </None>
    <None Include="resource\qss\blacksoft\arrow_top.png">
      <Filter>Resource Files</Filter>
    </None>
    <None Include="resource\qss\flatgray\arrow_top.png">
      <Filter>Resource Files</Filter>
    </None>
    <None Include="resource\qss\lightblue\arrow_top.png">
      <Filter>Resource Files</Filter>
    </None>
    <None Include="resource\icon\arrowdown.png">
      <Filter>Resource Files</Filter>
    </None>
    <None Include="resource\icon\arrowleft.png">
      <Filter>Resource Files</Filter>
    </None>
    <None Include="resource\icon\arrowright.png">
      <Filter>Resource Files</Filter>
    </None>
    <None Include="resource\icon\arrowup.png">
      <Filter>Resource Files</Filter>
    </None>
    <None Include="resource\icon\baolong.png">
      <Filter>Resource Files</Filter>
    </None>
    <None Include="resource\qss\blacksoft.css">
      <Filter>Resource Files</Filter>
    </None>
    <None Include="resource\qss\blacksoft\branch_close.png">
      <Filter>Resource Files</Filter>
    </None>
    <None Include="resource\qss\flatgray\branch_close.png">
      <Filter>Resource Files</Filter>
    </None>
    <None Include="resource\qss\lightblue\branch_close.png">
      <Filter>Resource Files</Filter>
    </None>
    <None Include="resource\qss\blacksoft\branch_open.png">
      <Filter>Resource Files</Filter>
    </None>
    <None Include="resource\qss\flatgray\branch_open.png">
      <Filter>Resource Files</Filter>
    </None>
    <None Include="resource\qss\lightblue\branch_open.png">
      <Filter>Resource Files</Filter>
    </None>
    <None Include="resource\qss\blacksoft\calendar_nextmonth.png">
      <Filter>Resource Files</Filter>
    </None>
    <None Include="resource\qss\flatgray\calendar_nextmonth.png">
      <Filter>Resource Files</Filter>
    </None>
    <None Include="resource\qss\lightblue\calendar_nextmonth.png">
      <Filter>Resource Files</Filter>
    </None>
    <None Include="resource\qss\blacksoft\calendar_prevmonth.png">
      <Filter>Resource Files</Filter>
    </None>
    <None Include="resource\qss\flatgray\calendar_prevmonth.png">
      <Filter>Resource Files</Filter>
    </None>
    <None Include="resource\qss\lightblue\calendar_prevmonth.png">
      <Filter>Resource Files</Filter>
    </None>
    <None Include="resource\qss\blacksoft\checkbox_checked.png">
      <Filter>Resource Files</Filter>
    </None>
    <None Include="resource\qss\flatgray\checkbox_checked.png">
      <Filter>Resource Files</Filter>
    </None>
    <None Include="resource\qss\lightblue\checkbox_checked.png">
      <Filter>Resource Files</Filter>
    </None>
    <None Include="resource\qss\blacksoft\checkbox_checked_disable.png">
      <Filter>Resource Files</Filter>
    </None>
    <None Include="resource\qss\flatgray\checkbox_checked_disable.png">
      <Filter>Resource Files</Filter>
    </None>
    <None Include="resource\qss\lightblue\checkbox_checked_disable.png">
      <Filter>Resource Files</Filter>
    </None>
    <None Include="resource\qss\blacksoft\checkbox_parcial.png">
      <Filter>Resource Files</Filter>
    </None>
    <None Include="resource\qss\flatgray\checkbox_parcial.png">
      <Filter>Resource Files</Filter>
    </None>
    <None Include="resource\qss\lightblue\checkbox_parcial.png">
      <Filter>Resource Files</Filter>
    </None>
    <None Include="resource\qss\blacksoft\checkbox_parcial_disable.png">
      <Filter>Resource Files</Filter>
    </None>
    <None Include="resource\qss\flatgray\checkbox_parcial_disable.png">
      <Filter>Resource Files</Filter>
    </None>
    <None Include="resource\qss\lightblue\checkbox_parcial_disable.png">
      <Filter>Resource Files</Filter>
    </None>
    <None Include="resource\qss\blacksoft\checkbox_unchecked.png">
      <Filter>Resource Files</Filter>
    </None>
    <None Include="resource\qss\flatgray\checkbox_unchecked.png">
      <Filter>Resource Files</Filter>
    </None>
    <None Include="resource\qss\lightblue\checkbox_unchecked.png">
      <Filter>Resource Files</Filter>
    </None>
    <None Include="resource\qss\blacksoft\checkbox_unchecked_disable.png">
      <Filter>Resource Files</Filter>
    </None>
    <None Include="resource\qss\flatgray\checkbox_unchecked_disable.png">
      <Filter>Resource Files</Filter>
    </None>
    <None Include="resource\qss\lightblue\checkbox_unchecked_disable.png">
      <Filter>Resource Files</Filter>
    </None>
    <None Include="resource\icon\config.png">
      <Filter>Resource Files</Filter>
    </None>
    <None Include="resource\icon\confirm.png">
      <Filter>Resource Files</Filter>
    </None>
    <None Include="resource\icon\delete.png">
      <Filter>Resource Files</Filter>
    </None>
    <None Include="resource\icon\downArrow.png">
      <Filter>Resource Files</Filter>
    </None>
    <None Include="resource\icon\failed.png">
      <Filter>Resource Files</Filter>
    </None>
    <None Include="resource\icon\favicon.ico">
      <Filter>Resource Files</Filter>
    </None>
    <None Include="resource\qss\flatgray.css">
      <Filter>Resource Files</Filter>
    </None>
    <None Include="resource\icon\greenlight.png">
      <Filter>Resource Files</Filter>
    </None>
    <None Include="resource\icon\greylight.png">
      <Filter>Resource Files</Filter>
    </None>
    <None Include="resource\qss\lightblue.css">
      <Filter>Resource Files</Filter>
    </None>
    <None Include="resource\icon\logo.png">
      <Filter>Resource Files</Filter>
    </None>
    <None Include="resource\img\main_config.png">
      <Filter>Resource Files</Filter>
    </None>
    <None Include="resource\img\main_exit.png">
      <Filter>Resource Files</Filter>
    </None>
    <None Include="resource\img\main_main.png">
      <Filter>Resource Files</Filter>
    </None>
    <None Include="resource\img\main_manual.png">
      <Filter>Resource Files</Filter>
    </None>
    <None Include="resource\img\main_produce.png">
      <Filter>Resource Files</Filter>
    </None>
    <None Include="resource\icon\makezero.png">
      <Filter>Resource Files</Filter>
    </None>
    <None Include="resource\qss\blacksoft\menu_checked.png">
      <Filter>Resource Files</Filter>
    </None>
    <None Include="resource\qss\flatgray\menu_checked.png">
      <Filter>Resource Files</Filter>
    </None>
    <None Include="resource\qss\lightblue\menu_checked.png">
      <Filter>Resource Files</Filter>
    </None>
    <None Include="resource\icon\motor.png">
      <Filter>Resource Files</Filter>
    </None>
    <None Include="resource\icon\nishizhen.png">
      <Filter>Resource Files</Filter>
    </None>
    <None Include="resource\icon\off_mini.png">
      <Filter>Resource Files</Filter>
    </None>
    <None Include="resource\icon\on.png">
      <Filter>Resource Files</Filter>
    </None>
    <None Include="resource\icon\on_mini.png">
      <Filter>Resource Files</Filter>
    </None>
    <None Include="resource\icon\pause.png">
      <Filter>Resource Files</Filter>
    </None>
    <QtRcc Include="resource\qss.qrc">
      <Filter>Resource Files</Filter>
    </QtRcc>
    <None Include="resource\qss\blacksoft\radiobutton_checked.png">
      <Filter>Resource Files</Filter>
    </None>
    <None Include="resource\qss\flatgray\radiobutton_checked.png">
      <Filter>Resource Files</Filter>
    </None>
    <None Include="resource\qss\lightblue\radiobutton_checked.png">
      <Filter>Resource Files</Filter>
    </None>
    <None Include="resource\qss\blacksoft\radiobutton_checked_disable.png">
      <Filter>Resource Files</Filter>
    </None>
    <None Include="resource\qss\flatgray\radiobutton_checked_disable.png">
      <Filter>Resource Files</Filter>
    </None>
    <None Include="resource\qss\lightblue\radiobutton_checked_disable.png">
      <Filter>Resource Files</Filter>
    </None>
    <None Include="resource\qss\blacksoft\radiobutton_unchecked.png">
      <Filter>Resource Files</Filter>
    </None>
    <None Include="resource\qss\flatgray\radiobutton_unchecked.png">
      <Filter>Resource Files</Filter>
    </None>
    <None Include="resource\qss\lightblue\radiobutton_unchecked.png">
      <Filter>Resource Files</Filter>
    </None>
    <None Include="resource\qss\blacksoft\radiobutton_unchecked_disable.png">
      <Filter>Resource Files</Filter>
    </None>
    <None Include="resource\qss\flatgray\radiobutton_unchecked_disable.png">
      <Filter>Resource Files</Filter>
    </None>
    <None Include="resource\qss\lightblue\radiobutton_unchecked_disable.png">
      <Filter>Resource Files</Filter>
    </None>
    <None Include="resource\icon\reset.png">
      <Filter>Resource Files</Filter>
    </None>
    <None Include="resource\icon\restore.png">
      <Filter>Resource Files</Filter>
    </None>
    <None Include="resource\icon\rightArrow.png">
      <Filter>Resource Files</Filter>
    </None>
    <None Include="resource\icon\settings.png">
      <Filter>Resource Files</Filter>
    </None>
    <None Include="resource\icon\shunshizhen.png">
      <Filter>Resource Files</Filter>
    </None>
    <None Include="resource\icon\start.png">
      <Filter>Resource Files</Filter>
    </None>
    <None Include="resource\icon\stop.png">
      <Filter>Resource Files</Filter>
    </None>
    <None Include="resource\icon\stop1.png">
      <Filter>Resource Files</Filter>
    </None>
    <None Include="resource\icon\succeed.png">
      <Filter>Resource Files</Filter>
    </None>
    <None Include="resource\icon\tool.ico">
      <Filter>Resource Files</Filter>
    </None>
    <None Include="resource\icon\unLock.png">
      <Filter>Resource Files</Filter>
    </None>
    <None Include="resource\icon\wait.png">
      <Filter>Resource Files</Filter>
    </None>
    <None Include="resource\icon\wait_mini.png">
      <Filter>Resource Files</Filter>
    </None>
    <None Include="resource\icon\warning.png">
      <Filter>Resource Files</Filter>
    </None>
  </ItemGroup>
  <ItemGroup>
    <ResourceCompile Include="D:\git\FilmTear\Plugins\PluginAutoPage\PluginAutoPage_resource.rc" />
  </ItemGroup>
</Project>