<?xml version="1.0" encoding="utf-8"?>
<Project xmlns="http://schemas.microsoft.com/developer/msbuild/2003">
  <ItemGroup>
    <Filter Include="Form Files">
      <UniqueIdentifier>{99349809-55BA-4b9d-BF79-8FDBB0286EB3}</UniqueIdentifier>
      <Extensions>ui</Extensions>
      <ParseFiles>false</ParseFiles>
    </Filter>
    <Filter Include="Form Files">
      <UniqueIdentifier>{99349809-55BA-4b9d-BF79-8FDBB0286EB3}</UniqueIdentifier>
      <Extensions>ui</Extensions>
      <ParseFiles>false</ParseFiles>
    </Filter>
    <Filter Include="Generated Files">
      <UniqueIdentifier>{71ED8ED8-ACB9-4CE9-BBE1-E00B30144E11}</UniqueIdentifier>
      <Extensions>cpp;c;cxx;moc;h;def;odl;idl;res;</Extensions>
    </Filter>
    <Filter Include="Generated Files">
      <UniqueIdentifier>{71ED8ED8-ACB9-4CE9-BBE1-E00B30144E11}</UniqueIdentifier>
      <Extensions>cpp;c;cxx;moc;h;def;odl;idl;res;</Extensions>
    </Filter>
    <Filter Include="Header Files">
      <UniqueIdentifier>{93995380-89BD-4b04-88EB-625FBE52EBFB}</UniqueIdentifier>
      <Extensions>h;hpp;hxx;hm;inl;inc;xsd</Extensions>
    </Filter>
    <Filter Include="Header Files">
      <UniqueIdentifier>{93995380-89BD-4b04-88EB-625FBE52EBFB}</UniqueIdentifier>
      <Extensions>h;hpp;hxx;hm;inl;inc;xsd</Extensions>
    </Filter>
    <Filter Include="Resource Files">
      <UniqueIdentifier>{D9D6E242-F8AF-46E4-B9FD-80ECBC20BA3E}</UniqueIdentifier>
      <Extensions>qrc;*</Extensions>
      <ParseFiles>false</ParseFiles>
    </Filter>
    <Filter Include="Resource Files">
      <UniqueIdentifier>{D9D6E242-F8AF-46E4-B9FD-80ECBC20BA3E}</UniqueIdentifier>
      <Extensions>qrc;*</Extensions>
      <ParseFiles>false</ParseFiles>
    </Filter>
    <Filter Include="Source Files">
      <UniqueIdentifier>{4FC737F1-C7A5-4376-A066-2A32D752A2FF}</UniqueIdentifier>
      <Extensions>cpp;c;cxx;def;odl;idl;hpj;bat;asm;asmx</Extensions>
    </Filter>
    <Filter Include="Source Files">
      <UniqueIdentifier>{4FC737F1-C7A5-4376-A066-2A32D752A2FF}</UniqueIdentifier>
      <Extensions>cpp;c;cxx;def;odl;idl;hpj;bat;asm;asmx</Extensions>
    </Filter>
  </ItemGroup>
  <ItemGroup>
    <ClCompile Include="Basic\PlotShowForm\AritightPlotItem.cpp">
      <Filter>Source Files</Filter>
    </ClCompile>
    <ClCompile Include="..\Common\Custom\BoxStatusForm.cpp">
      <Filter>Source Files</Filter>
    </ClCompile>
    <ClCompile Include="..\Common\Custom\CLoadingWidget.cpp">
      <Filter>Source Files</Filter>
    </ClCompile>
    <ClCompile Include="..\Common\Custom\CMsgBox.cpp">
      <Filter>Source Files</Filter>
    </ClCompile>
    <ClCompile Include="..\Common\Custom\CMulComboBox.cpp">
      <Filter>Source Files</Filter>
    </ClCompile>
    <ClCompile Include="..\Common\Custom\CMulComboBoxSearch.cpp">
      <Filter>Source Files</Filter>
    </ClCompile>
    <ClCompile Include="..\Common\Custom\CMulComboBoxSearchModel.cpp">
      <Filter>Source Files</Filter>
    </ClCompile>
    <ClCompile Include="..\Common\Custom\CMulNumLineEdit.cpp">
      <Filter>Source Files</Filter>
    </ClCompile>
    <ClCompile Include="..\Common\Custom\CMulTextLineEdit.cpp">
      <Filter>Source Files</Filter>
    </ClCompile>
    <ClCompile Include="..\Common\Custom\CPopTipScreen.cpp">
      <Filter>Source Files</Filter>
    </ClCompile>
    <ClCompile Include="..\Common\Custom\CRealTimeCurve.cpp">
      <Filter>Source Files</Filter>
    </ClCompile>
    <ClCompile Include="..\Common\Custom\CTimeSelectWidget.cpp">
      <Filter>Source Files</Filter>
    </ClCompile>
    <ClCompile Include="Basic\CameraPreviewForm\CameraPreviewForm.cpp">
      <Filter>Source Files</Filter>
    </ClCompile>
    <ClCompile Include="Product\ChartNGSort.cpp">
      <Filter>Source Files</Filter>
    </ClCompile>
    <ClCompile Include="Product\ChartProduceHour.cpp">
      <Filter>Source Files</Filter>
    </ClCompile>
    <ClCompile Include="..\Common\CurveView\Chart\CustomChart.cpp">
      <Filter>Source Files</Filter>
    </ClCompile>
    <ClCompile Include="..\Common\Custom\CutomDoubleSinBox.cpp">
      <Filter>Source Files</Filter>
    </ClCompile>
    <ClCompile Include="..\Common\Custom\CutomSinBox.cpp">
      <Filter>Source Files</Filter>
    </ClCompile>
    <ClCompile Include="..\Common\Custom\NonBlockingMsgBox.cpp">
      <Filter>Source Files</Filter>
    </ClCompile>
    <ClCompile Include="Basic\PLCWarning\PLCAlarmPopUpForm.cpp">
      <Filter>Source Files</Filter>
    </ClCompile>
    <ClCompile Include="Basic\PLCWarning\PLCWarningForm.cpp">
      <Filter>Source Files</Filter>
    </ClCompile>
    <ClCompile Include="PluginAutoPage.cpp">
      <Filter>Source Files</Filter>
    </ClCompile>
    <ClCompile Include="..\Common\Custom\QCustomItemDelegate.cpp">
      <Filter>Source Files</Filter>
    </ClCompile>
    <ClCompile Include="..\Common\Custom\Switchbutton.cpp">
      <Filter>Source Files</Filter>
    </ClCompile>
    <ClCompile Include="Product\TableNGSort.cpp">
      <Filter>Source Files</Filter>
    </ClCompile>
    <ClCompile Include="Product\TableProduct.cpp">
      <Filter>Source Files</Filter>
    </ClCompile>
    <ClCompile Include="..\Common\Custom\TrayCalculate.cpp">
      <Filter>Source Files</Filter>
    </ClCompile>
    <ClCompile Include="..\Common\Custom\TrayCtrl.cpp">
      <Filter>Source Files</Filter>
    </ClCompile>
    <ClCompile Include="..\Common\Custom\TrayStatusForm.cpp">
      <Filter>Source Files</Filter>
    </ClCompile>
    <ClCompile Include="..\Common\Custom\WearingParts.cpp">
      <Filter>Source Files</Filter>
    </ClCompile>
    <ClCompile Include="..\Common\Custom\WearingPartsList.cpp">
      <Filter>Source Files</Filter>
    </ClCompile>
    <ClCompile Include="..\Common\Custom\WearingPartsListUser.cpp">
      <Filter>Source Files</Filter>
    </ClCompile>
    <ClCompile Include="WidgetAritightPlotForm.cpp">
      <Filter>Source Files</Filter>
    </ClCompile>
    <ClCompile Include="WidgetAutoPage.cpp">
      <Filter>Source Files</Filter>
    </ClCompile>
    <ClCompile Include="WidgetBtnPanel.cpp">
      <Filter>Source Files</Filter>
    </ClCompile>
    <ClCompile Include="..\Common\WidgetLog.cpp">
      <Filter>Source Files</Filter>
    </ClCompile>
    <ClCompile Include="Basic\ProcessLogForm\WidgetLogAll.cpp">
      <Filter>Source Files</Filter>
    </ClCompile>
    <ClCompile Include="WidgetProductChange.cpp">
      <Filter>Source Files</Filter>
    </ClCompile>
    <ClCompile Include="Product\WidgetProductTotal.cpp">
      <Filter>Source Files</Filter>
    </ClCompile>
    <ClCompile Include="Product\WidgetStationProduct.cpp">
      <Filter>Source Files</Filter>
    </ClCompile>
    <ClCompile Include="WidgetStatusBar.cpp">
      <Filter>Source Files</Filter>
    </ClCompile>
    <ClCompile Include="WidgetTray.cpp">
      <Filter>Source Files</Filter>
    </ClCompile>
    <ClCompile Include="..\Common\CurveView\Chart\qcustomplot.cpp">
      <Filter>Source Files</Filter>
    </ClCompile>
  </ItemGroup>
  <ItemGroup>
    <QtMoc Include="Basic\PlotShowForm\AritightPlotItem.h">
      <Filter>Header Files</Filter>
    </QtMoc>
    <QtMoc Include="..\Common\Custom\BoxStatusForm.h">
      <Filter>Header Files</Filter>
    </QtMoc>
    <QtMoc Include="..\Common\Custom\CLoadingWidget.h">
      <Filter>Header Files</Filter>
    </QtMoc>
    <QtMoc Include="..\Common\Custom\CMsgBox.h">
      <Filter>Header Files</Filter>
    </QtMoc>
    <QtMoc Include="..\Common\Custom\CMulComboBox.h">
      <Filter>Header Files</Filter>
    </QtMoc>
    <QtMoc Include="..\Common\Custom\CMulComboBoxSearch.h">
      <Filter>Header Files</Filter>
    </QtMoc>
    <QtMoc Include="..\Common\Custom\CMulComboBoxSearchModel.h">
      <Filter>Header Files</Filter>
    </QtMoc>
    <QtMoc Include="..\Common\Custom\CMulNumLineEdit.h">
      <Filter>Header Files</Filter>
    </QtMoc>
    <QtMoc Include="..\Common\Custom\CMulTextLineEdit.h">
      <Filter>Header Files</Filter>
    </QtMoc>
    <QtMoc Include="..\Common\Custom\CPopTipScreen.h">
      <Filter>Header Files</Filter>
    </QtMoc>
    <QtMoc Include="..\Common\Custom\CRealTimeCurve.h">
      <Filter>Header Files</Filter>
    </QtMoc>
    <QtMoc Include="..\Common\Custom\CTimeSelectWidget.h">
      <Filter>Header Files</Filter>
    </QtMoc>
    <QtMoc Include="Basic\CameraPreviewForm\CameraPreviewForm.h">
      <Filter>Header Files</Filter>
    </QtMoc>
    <QtMoc Include="Product\ChartNGSort.h">
      <Filter>Header Files</Filter>
    </QtMoc>
    <QtMoc Include="Product\ChartProduceHour.h">
      <Filter>Header Files</Filter>
    </QtMoc>
    <QtMoc Include="..\Common\CurveView\Chart\CustomChart.h">
      <Filter>Header Files</Filter>
    </QtMoc>
    <QtMoc Include="..\Common\Custom\CutomDoubleSinBox.h">
      <Filter>Header Files</Filter>
    </QtMoc>
    <QtMoc Include="..\Common\Custom\CutomSinBox.h">
      <Filter>Header Files</Filter>
    </QtMoc>
    <QtMoc Include="..\Common\Custom\NonBlockingMsgBox.h">
      <Filter>Header Files</Filter>
    </QtMoc>
    <QtMoc Include="Basic\PLCWarning\PLCAlarmPopUpForm.h">
      <Filter>Header Files</Filter>
    </QtMoc>
    <QtMoc Include="Basic\PLCWarning\PLCWarningForm.h">
      <Filter>Header Files</Filter>
    </QtMoc>
    <QtMoc Include="PluginAutoPage.h">
      <Filter>Header Files</Filter>
    </QtMoc>
    <ClInclude Include="Product\ProductDef.h">
      <Filter>Header Files</Filter>
    </ClInclude>
    <QtMoc Include="..\Common\Custom\QCustomItemDelegate.h">
      <Filter>Header Files</Filter>
    </QtMoc>
    <QtMoc Include="..\Common\Custom\SwitchButton.h">
      <Filter>Header Files</Filter>
    </QtMoc>
    <QtMoc Include="Product\TableNGSort.h">
      <Filter>Header Files</Filter>
    </QtMoc>
    <QtMoc Include="Product\TableProduct.h">
      <Filter>Header Files</Filter>
    </QtMoc>
    <ClInclude Include="..\Common\Custom\TrayCalculate.h">
      <Filter>Header Files</Filter>
    </ClInclude>
    <QtMoc Include="..\Common\Custom\TrayCtrl.h">
      <Filter>Header Files</Filter>
    </QtMoc>
    <QtMoc Include="..\Common\Custom\TrayStatusForm.h">
      <Filter>Header Files</Filter>
    </QtMoc>
    <QtMoc Include="..\Common\Custom\WearingParts.h">
      <Filter>Header Files</Filter>
    </QtMoc>
    <QtMoc Include="..\Common\Custom\WearingPartsList.h">
      <Filter>Header Files</Filter>
    </QtMoc>
    <QtMoc Include="..\Common\Custom\WearingPartsListUser.h">
      <Filter>Header Files</Filter>
    </QtMoc>
    <QtMoc Include="WidgetAritightPlotForm.h">
      <Filter>Header Files</Filter>
    </QtMoc>
    <QtMoc Include="WidgetAutoPage.h">
      <Filter>Header Files</Filter>
    </QtMoc>
    <QtMoc Include="WidgetBtnPanel.h">
      <Filter>Header Files</Filter>
    </QtMoc>
    <QtMoc Include="..\Common\WidgetLog.h">
      <Filter>Header Files</Filter>
    </QtMoc>
    <QtMoc Include="Basic\ProcessLogForm\WidgetLogAll.h">
      <Filter>Header Files</Filter>
    </QtMoc>
    <QtMoc Include="WidgetProductChange.h">
      <Filter>Header Files</Filter>
    </QtMoc>
    <QtMoc Include="Product\WidgetProductTotal.h">
      <Filter>Header Files</Filter>
    </QtMoc>
    <QtMoc Include="Product\WidgetStationProduct.h">
      <Filter>Header Files</Filter>
    </QtMoc>
    <QtMoc Include="WidgetStatusBar.h">
      <Filter>Header Files</Filter>
    </QtMoc>
    <QtMoc Include="WidgetTray.h">
      <Filter>Header Files</Filter>
    </QtMoc>
    <QtMoc Include="..\..\interface\coreinterface.h">
      <Filter>Header Files</Filter>
    </QtMoc>
    <QtMoc Include="..\..\interface\plugininterface.h">
      <Filter>Header Files</Filter>
    </QtMoc>
    <QtMoc Include="..\Common\CurveView\Chart\qcustomplot.h">
      <Filter>Header Files</Filter>
    </QtMoc>
  </ItemGroup>
  <ItemGroup>
    
    
    
    
    
    
    
    
    
    
    
    
    
    
    
    
    
    
    
    
    
    
    
    
    
    
    
    
    
    
    
    
    
    
    
    
    
    
    
    
    
    
    
    <CustomBuild Include="D:\Project\Freetech\VISFrameView_AirtightDevice\Plugins\PluginAutoPage\temp\moc\moc_predefs.h.cbt">
      <Filter>Generated Files</Filter>
    </CustomBuild>
    
    
    
    
    
    
    
    
    
    
    
    
    
    
    
    
    
    
    
    
    
    
    
    
    
    
    
    
    
  </ItemGroup>
  <ItemGroup>
    <QtUic Include="Basic\PlotShowForm\AritightPlotItem.ui">
      <Filter>Form Files</Filter>
    </QtUic>
    <QtUic Include="..\Common\Custom\BoxStatusForm.ui">
      <Filter>Form Files</Filter>
    </QtUic>
    <QtUic Include="..\Common\Custom\CRealTimeCurve.ui">
      <Filter>Form Files</Filter>
    </QtUic>
    <QtUic Include="Basic\CameraPreviewForm\CameraPreviewForm.ui">
      <Filter>Form Files</Filter>
    </QtUic>
    <QtUic Include="Product\ChartNGSort.ui">
      <Filter>Form Files</Filter>
    </QtUic>
    <QtUic Include="Product\ChartProduceHour.ui">
      <Filter>Form Files</Filter>
    </QtUic>
    <QtUic Include="Basic\PLCWarning\PLCAlarmPopUpForm.ui">
      <Filter>Form Files</Filter>
    </QtUic>
    <QtUic Include="Basic\PLCWarning\PLCWarningForm.ui">
      <Filter>Form Files</Filter>
    </QtUic>
    <QtUic Include="..\Common\Custom\SwitchButton.ui">
      <Filter>Form Files</Filter>
    </QtUic>
    <QtUic Include="Product\TableNGSort.ui">
      <Filter>Form Files</Filter>
    </QtUic>
    <QtUic Include="Product\TableProduct.ui">
      <Filter>Form Files</Filter>
    </QtUic>
    <QtUic Include="..\Common\Custom\TrayCtrl.ui">
      <Filter>Form Files</Filter>
    </QtUic>
    <QtUic Include="..\Common\Custom\TrayStatusForm.ui">
      <Filter>Form Files</Filter>
    </QtUic>
    <QtUic Include="..\Common\Custom\WearingParts.ui">
      <Filter>Form Files</Filter>
    </QtUic>
    <QtUic Include="..\Common\Custom\WearingPartsList.ui">
      <Filter>Form Files</Filter>
    </QtUic>
    <QtUic Include="..\Common\Custom\WearingPartsListUser.ui">
      <Filter>Form Files</Filter>
    </QtUic>
    <QtUic Include="WidgetAritightPlotForm.ui">
      <Filter>Form Files</Filter>
    </QtUic>
    <QtUic Include="WidgetAutoPage.ui">
      <Filter>Form Files</Filter>
    </QtUic>
    <QtUic Include="WidgetBtnPanel.ui">
      <Filter>Form Files</Filter>
    </QtUic>
    <QtUic Include="..\Common\WidgetLog.ui">
      <Filter>Form Files</Filter>
    </QtUic>
    <QtUic Include="Basic\ProcessLogForm\WidgetLogAll.ui">
      <Filter>Form Files</Filter>
    </QtUic>
    <QtUic Include="WidgetProductChange.ui">
      <Filter>Form Files</Filter>
    </QtUic>
    <QtUic Include="Product\WidgetProductTotal.ui">
      <Filter>Form Files</Filter>
    </QtUic>
    <QtUic Include="Product\WidgetStationProduct.ui">
      <Filter>Form Files</Filter>
    </QtUic>
    <QtUic Include="WidgetStatusBar.ui">
      <Filter>Form Files</Filter>
    </QtUic>
    <QtUic Include="WidgetTray.ui">
      <Filter>Form Files</Filter>
    </QtUic>
  </ItemGroup>
  <ItemGroup>
    <None Include="resource\icon\???.png">
      <Filter>Resource Files</Filter>
    </None>
    <QtRcc Include="..\Common\Custom\CustomRec.qrc">
      <Filter>Resource Files</Filter>
    </QtRcc>
    <None Include="resource\icon\EStop.png">
      <Filter>Resource Files</Filter>
    </None>
    <None Include="resource\icon\SpotCheck.png">
      <Filter>Resource Files</Filter>
    </None>
    <None Include="resource\icon\application-exit.png">
      <Filter>Resource Files</Filter>
    </None>
    <None Include="resource\icon\arrowdown.png">
      <Filter>Resource Files</Filter>
    </None>
    <None Include="resource\icon\arrowleft.png">
      <Filter>Resource Files</Filter>
    </None>
    <None Include="resource\icon\arrowright.png">
      <Filter>Resource Files</Filter>
    </None>
    <None Include="resource\icon\arrowup.png">
      <Filter>Resource Files</Filter>
    </None>
    <None Include="resource\icon\baolong.png">
      <Filter>Resource Files</Filter>
    </None>
    <None Include="..\Common\Custom\MyStyle\chenggong.png">
      <Filter>Resource Files</Filter>
    </None>
    <None Include="resource\icon\config.png">
      <Filter>Resource Files</Filter>
    </None>
    <None Include="resource\icon\confirm.png">
      <Filter>Resource Files</Filter>
    </None>
    <None Include="resource\icon\delete.png">
      <Filter>Resource Files</Filter>
    </None>
    <None Include="resource\icon\failed.png">
      <Filter>Resource Files</Filter>
    </None>
    <None Include="..\Common\Custom\MyStyle\fatal.png">
      <Filter>Resource Files</Filter>
    </None>
    <None Include="resource\icon\favicon.ico">
      <Filter>Resource Files</Filter>
    </None>
    <None Include="resource\icon\get1.png">
      <Filter>Resource Files</Filter>
    </None>
    <None Include="..\Common\Custom\MyStyle\info.png">
      <Filter>Resource Files</Filter>
    </None>
    <None Include="resource\qss\lightblue.css">
      <Filter>Resource Files</Filter>
    </None>
    <None Include="resource\icon\logo.png">
      <Filter>Resource Files</Filter>
    </None>
    <None Include="resource\icon\makezero.png">
      <Filter>Resource Files</Filter>
    </None>
    <None Include="resource\icon\motor.png">
      <Filter>Resource Files</Filter>
    </None>
    <None Include="..\Common\Custom\MyStyle\muladd.png">
      <Filter>Resource Files</Filter>
    </None>
    <None Include="..\Common\Custom\MyStyle\muldown.png">
      <Filter>Resource Files</Filter>
    </None>
    <None Include="resource\icon\nishizhen.png">
      <Filter>Resource Files</Filter>
    </None>
    <None Include="resource\icon\off_mini.png">
      <Filter>Resource Files</Filter>
    </None>
    <None Include="resource\icon\on_mini.png">
      <Filter>Resource Files</Filter>
    </None>
    <None Include="resource\icon\pause.png">
      <Filter>Resource Files</Filter>
    </None>
    <QtRcc Include="resource\qss.qrc">
      <Filter>Resource Files</Filter>
    </QtRcc>
    <None Include="resource\icon\reset.png">
      <Filter>Resource Files</Filter>
    </None>
    <None Include="resource\icon\restore.png">
      <Filter>Resource Files</Filter>
    </None>
    <None Include="resource\icon\settings.png">
      <Filter>Resource Files</Filter>
    </None>
    <None Include="resource\icon\shunshizhen.png">
      <Filter>Resource Files</Filter>
    </None>
    <None Include="resource\icon\start.png">
      <Filter>Resource Files</Filter>
    </None>
    <None Include="resource\icon\stop.png">
      <Filter>Resource Files</Filter>
    </None>
    <None Include="resource\icon\stop1.png">
      <Filter>Resource Files</Filter>
    </None>
    <None Include="resource\icon\succeed.png">
      <Filter>Resource Files</Filter>
    </None>
    <None Include="resource\icon\tool.ico">
      <Filter>Resource Files</Filter>
    </None>
    <None Include="resource\icon\unLock.png">
      <Filter>Resource Files</Filter>
    </None>
    <None Include="resource\icon\wait.png">
      <Filter>Resource Files</Filter>
    </None>
    <None Include="resource\icon\wait_mini.png">
      <Filter>Resource Files</Filter>
    </None>
    <None Include="resource\icon\warning.png">
      <Filter>Resource Files</Filter>
    </None>
    <None Include="..\Common\Custom\MyStyle\warnning.png">
      <Filter>Resource Files</Filter>
    </None>
    <None Include="..\Common\Custom\MyStyle\yiwenhao.png">
      <Filter>Resource Files</Filter>
    </None>
  </ItemGroup>
</Project>